// !$*UTF8*$!
{
	archiveVersion = 1;
	classes = {
	};
	objectVersion = 51;
	objects = {

/* Begin PBXBuildFile section */
		AC0F5B4025FE1DE800EB18E2 /* AppDelegate.swift in Sources */ = {isa = PBXBuildFile; fileRef = AC0F5B3F25FE1DE800EB18E2 /* AppDelegate.swift */; };
		AC0F5B4225FE1DE800EB18E2 /* SceneDelegate.swift in Sources */ = {isa = PBXBuildFile; fileRef = AC0F5B4125FE1DE800EB18E2 /* SceneDelegate.swift */; };
		AC0F5B4425FE1DE800EB18E2 /* ViewController.swift in Sources */ = {isa = PBXBuildFile; fileRef = AC0F5B4325FE1DE800EB18E2 /* ViewController.swift */; };
		AC0F5B4925FE1DE900EB18E2 /* Assets.xcassets in Resources */ = {isa = PBXBuildFile; fileRef = AC0F5B4825FE1DE900EB18E2 /* Assets.xcassets */; };
		AC0F5B4C25FE1DE900EB18E2 /* LaunchScreen.storyboard in Resources */ = {isa = PBXBuildFile; fileRef = AC0F5B4A25FE1DE900EB18E2 /* LaunchScreen.storyboard */; };
		AC0F5B6D25FE20C300EB18E2 /* BaseViewController.swift in Sources */ = {isa = PBXBuildFile; fileRef = AC0F5B6C25FE20C300EB18E2 /* BaseViewController.swift */; };
		AC0F5B7025FE20D300EB18E2 /* BaseInteractor.swift in Sources */ = {isa = PBXBuildFile; fileRef = AC0F5B6F25FE20D300EB18E2 /* BaseInteractor.swift */; };
		AC0F5B7325FE20E600EB18E2 /* BasePresenter.swift in Sources */ = {isa = PBXBuildFile; fileRef = AC0F5B7225FE20E600EB18E2 /* BasePresenter.swift */; };
		AC0F5B7625FE20EF00EB18E2 /* BaseEntity.swift in Sources */ = {isa = PBXBuildFile; fileRef = AC0F5B7525FE20EF00EB18E2 /* BaseEntity.swift */; };
		AC0F5B7925FE211400EB18E2 /* BaseWireframe.swift in Sources */ = {isa = PBXBuildFile; fileRef = AC0F5B7825FE211400EB18E2 /* BaseWireframe.swift */; };
		AC0F5B8225FE225700EB18E2 /* Beer.swift in Sources */ = {isa = PBXBuildFile; fileRef = AC0F5B8125FE225700EB18E2 /* Beer.swift */; };
		AC0F5B8625FE22D300EB18E2 /* DateFormatterExtension.swift in Sources */ = {isa = PBXBuildFile; fileRef = AC0F5B8525FE22D300EB18E2 /* DateFormatterExtension.swift */; };
		AC0F5B9025FE24C800EB18E2 /* BeerNetworkProvider.swift in Sources */ = {isa = PBXBuildFile; fileRef = AC0F5B8F25FE24C800EB18E2 /* BeerNetworkProvider.swift */; };
		AC0F5B9425FE25B100EB18E2 /* NetworkConstants.swift in Sources */ = {isa = PBXBuildFile; fileRef = AC0F5B9325FE25B100EB18E2 /* NetworkConstants.swift */; };
		AC0F5B9F25FE27AA00EB18E2 /* BeerListContract.swift in Sources */ = {isa = PBXBuildFile; fileRef = AC0F5B9725FE27AA00EB18E2 /* BeerListContract.swift */; };
		AC0F5BA025FE27AA00EB18E2 /* BeerListPresenter.swift in Sources */ = {isa = PBXBuildFile; fileRef = AC0F5B9825FE27AA00EB18E2 /* BeerListPresenter.swift */; };
		AC0F5BA125FE27AA00EB18E2 /* BeerListBuilder.swift in Sources */ = {isa = PBXBuildFile; fileRef = AC0F5B9925FE27AA00EB18E2 /* BeerListBuilder.swift */; };
		AC0F5BA225FE27AA00EB18E2 /* BeerListInteractor.swift in Sources */ = {isa = PBXBuildFile; fileRef = AC0F5B9A25FE27AA00EB18E2 /* BeerListInteractor.swift */; };
		AC0F5BA325FE27AA00EB18E2 /* BeerListView.swift in Sources */ = {isa = PBXBuildFile; fileRef = AC0F5B9B25FE27AA00EB18E2 /* BeerListView.swift */; };
		AC0F5BA425FE27AA00EB18E2 /* BeerListView.xib in Resources */ = {isa = PBXBuildFile; fileRef = AC0F5B9C25FE27AA00EB18E2 /* BeerListView.xib */; };
		AC0F5BA525FE27AA00EB18E2 /* BeerListEntity.swift in Sources */ = {isa = PBXBuildFile; fileRef = AC0F5B9D25FE27AA00EB18E2 /* BeerListEntity.swift */; };
		AC0F5BA625FE27AA00EB18E2 /* BeerListWireframe.swift in Sources */ = {isa = PBXBuildFile; fileRef = AC0F5B9E25FE27AA00EB18E2 /* BeerListWireframe.swift */; };
		AC0F5BAC25FE294300EB18E2 /* BeerListTableViewCell.swift in Sources */ = {isa = PBXBuildFile; fileRef = AC0F5BAA25FE294300EB18E2 /* BeerListTableViewCell.swift */; };
		AC0F5BAD25FE294300EB18E2 /* BeerListTableViewCell.xib in Resources */ = {isa = PBXBuildFile; fileRef = AC0F5BAB25FE294300EB18E2 /* BeerListTableViewCell.xib */; };
		BD1F401D6D4E852284D8DC62 /* Pods_PunkBeerVIPER.framework in Frameworks */ = {isa = PBXBuildFile; fileRef = E1C2DEEC46F5D6301CE69ECD /* Pods_PunkBeerVIPER.framework */; };
/* End PBXBuildFile section */

/* Begin PBXFileReference section */
		16113AF5E35CDB284B45FEF3 /* Pods-PunkBeerVIPER.debug.xcconfig */ = {isa = PBXFileReference; includeInIndex = 1; lastKnownFileType = text.xcconfig; name = "Pods-PunkBeerVIPER.debug.xcconfig"; path = "Target Support Files/Pods-PunkBeerVIPER/Pods-PunkBeerVIPER.debug.xcconfig"; sourceTree = "<group>"; };
		9C01A0B468CFAE57176E6CB4 /* Pods-PunkBeerVIPER.release.xcconfig */ = {isa = PBXFileReference; includeInIndex = 1; lastKnownFileType = text.xcconfig; name = "Pods-PunkBeerVIPER.release.xcconfig"; path = "Target Support Files/Pods-PunkBeerVIPER/Pods-PunkBeerVIPER.release.xcconfig"; sourceTree = "<group>"; };
		AC0F5B3C25FE1DE800EB18E2 /* PunkBeerVIPER.app */ = {isa = PBXFileReference; explicitFileType = wrapper.application; includeInIndex = 0; path = PunkBeerVIPER.app; sourceTree = BUILT_PRODUCTS_DIR; };
		AC0F5B3F25FE1DE800EB18E2 /* AppDelegate.swift */ = {isa = PBXFileReference; lastKnownFileType = sourcecode.swift; path = AppDelegate.swift; sourceTree = "<group>"; };
		AC0F5B4125FE1DE800EB18E2 /* SceneDelegate.swift */ = {isa = PBXFileReference; lastKnownFileType = sourcecode.swift; path = SceneDelegate.swift; sourceTree = "<group>"; };
		AC0F5B4325FE1DE800EB18E2 /* ViewController.swift */ = {isa = PBXFileReference; lastKnownFileType = sourcecode.swift; path = ViewController.swift; sourceTree = "<group>"; };
		AC0F5B4825FE1DE900EB18E2 /* Assets.xcassets */ = {isa = PBXFileReference; lastKnownFileType = folder.assetcatalog; path = Assets.xcassets; sourceTree = "<group>"; };
		AC0F5B4B25FE1DE900EB18E2 /* Base */ = {isa = PBXFileReference; lastKnownFileType = file.storyboard; name = Base; path = Base.lproj/LaunchScreen.storyboard; sourceTree = "<group>"; };
		AC0F5B4D25FE1DE900EB18E2 /* Info.plist */ = {isa = PBXFileReference; lastKnownFileType = text.plist.xml; path = Info.plist; sourceTree = "<group>"; };
		AC0F5B6C25FE20C300EB18E2 /* BaseViewController.swift */ = {isa = PBXFileReference; lastKnownFileType = sourcecode.swift; path = BaseViewController.swift; sourceTree = "<group>"; };
		AC0F5B6F25FE20D300EB18E2 /* BaseInteractor.swift */ = {isa = PBXFileReference; lastKnownFileType = sourcecode.swift; path = BaseInteractor.swift; sourceTree = "<group>"; };
		AC0F5B7225FE20E600EB18E2 /* BasePresenter.swift */ = {isa = PBXFileReference; lastKnownFileType = sourcecode.swift; path = BasePresenter.swift; sourceTree = "<group>"; };
		AC0F5B7525FE20EF00EB18E2 /* BaseEntity.swift */ = {isa = PBXFileReference; lastKnownFileType = sourcecode.swift; path = BaseEntity.swift; sourceTree = "<group>"; };
		AC0F5B7825FE211400EB18E2 /* BaseWireframe.swift */ = {isa = PBXFileReference; lastKnownFileType = sourcecode.swift; path = BaseWireframe.swift; sourceTree = "<group>"; };
		AC0F5B8125FE225700EB18E2 /* Beer.swift */ = {isa = PBXFileReference; lastKnownFileType = sourcecode.swift; path = Beer.swift; sourceTree = "<group>"; };
		AC0F5B8525FE22D300EB18E2 /* DateFormatterExtension.swift */ = {isa = PBXFileReference; fileEncoding = 4; lastKnownFileType = sourcecode.swift; path = DateFormatterExtension.swift; sourceTree = "<group>"; };
		AC0F5B8F25FE24C800EB18E2 /* BeerNetworkProvider.swift */ = {isa = PBXFileReference; lastKnownFileType = sourcecode.swift; path = BeerNetworkProvider.swift; sourceTree = "<group>"; };
		AC0F5B9325FE25B100EB18E2 /* NetworkConstants.swift */ = {isa = PBXFileReference; lastKnownFileType = sourcecode.swift; path = NetworkConstants.swift; sourceTree = "<group>"; };
		AC0F5B9725FE27AA00EB18E2 /* BeerListContract.swift */ = {isa = PBXFileReference; lastKnownFileType = sourcecode.swift; path = BeerListContract.swift; sourceTree = "<group>"; };
		AC0F5B9825FE27AA00EB18E2 /* BeerListPresenter.swift */ = {isa = PBXFileReference; lastKnownFileType = sourcecode.swift; path = BeerListPresenter.swift; sourceTree = "<group>"; };
		AC0F5B9925FE27AA00EB18E2 /* BeerListBuilder.swift */ = {isa = PBXFileReference; lastKnownFileType = sourcecode.swift; path = BeerListBuilder.swift; sourceTree = "<group>"; };
		AC0F5B9A25FE27AA00EB18E2 /* BeerListInteractor.swift */ = {isa = PBXFileReference; lastKnownFileType = sourcecode.swift; path = BeerListInteractor.swift; sourceTree = "<group>"; };
		AC0F5B9B25FE27AA00EB18E2 /* BeerListView.swift */ = {isa = PBXFileReference; lastKnownFileType = sourcecode.swift; path = BeerListView.swift; sourceTree = "<group>"; };
		AC0F5B9C25FE27AA00EB18E2 /* BeerListView.xib */ = {isa = PBXFileReference; lastKnownFileType = file.xib; path = BeerListView.xib; sourceTree = "<group>"; };
		AC0F5B9D25FE27AA00EB18E2 /* BeerListEntity.swift */ = {isa = PBXFileReference; lastKnownFileType = sourcecode.swift; path = BeerListEntity.swift; sourceTree = "<group>"; };
		AC0F5B9E25FE27AA00EB18E2 /* BeerListWireframe.swift */ = {isa = PBXFileReference; lastKnownFileType = sourcecode.swift; path = BeerListWireframe.swift; sourceTree = "<group>"; };
		AC0F5BAA25FE294300EB18E2 /* BeerListTableViewCell.swift */ = {isa = PBXFileReference; lastKnownFileType = sourcecode.swift; path = BeerListTableViewCell.swift; sourceTree = "<group>"; };
		AC0F5BAB25FE294300EB18E2 /* BeerListTableViewCell.xib */ = {isa = PBXFileReference; lastKnownFileType = file.xib; path = BeerListTableViewCell.xib; sourceTree = "<group>"; };
		E1C2DEEC46F5D6301CE69ECD /* Pods_PunkBeerVIPER.framework */ = {isa = PBXFileReference; explicitFileType = wrapper.framework; includeInIndex = 0; path = Pods_PunkBeerVIPER.framework; sourceTree = BUILT_PRODUCTS_DIR; };
/* End PBXFileReference section */

/* Begin PBXFrameworksBuildPhase section */
		AC0F5B3925FE1DE800EB18E2 /* Frameworks */ = {
			isa = PBXFrameworksBuildPhase;
			buildActionMask = 2147483647;
			files = (
				BD1F401D6D4E852284D8DC62 /* Pods_PunkBeerVIPER.framework in Frameworks */,
			);
			runOnlyForDeploymentPostprocessing = 0;
		};
/* End PBXFrameworksBuildPhase section */

/* Begin PBXGroup section */
		49376A6AA9DA86C28110E482 /* Frameworks */ = {
			isa = PBXGroup;
			children = (
				E1C2DEEC46F5D6301CE69ECD /* Pods_PunkBeerVIPER.framework */,
			);
			name = Frameworks;
			sourceTree = "<group>";
		};
		4FC497AD5F1BCCF146F5C7DC /* Pods */ = {
			isa = PBXGroup;
			children = (
				16113AF5E35CDB284B45FEF3 /* Pods-PunkBeerVIPER.debug.xcconfig */,
				9C01A0B468CFAE57176E6CB4 /* Pods-PunkBeerVIPER.release.xcconfig */,
			);
			path = Pods;
			sourceTree = "<group>";
		};
		AC0F5B3325FE1DE800EB18E2 = {
			isa = PBXGroup;
			children = (
				AC0F5B3E25FE1DE800EB18E2 /* PunkBeerVIPER */,
				AC0F5B3D25FE1DE800EB18E2 /* Products */,
				4FC497AD5F1BCCF146F5C7DC /* Pods */,
				49376A6AA9DA86C28110E482 /* Frameworks */,
			);
			sourceTree = "<group>";
		};
		AC0F5B3D25FE1DE800EB18E2 /* Products */ = {
			isa = PBXGroup;
			children = (
				AC0F5B3C25FE1DE800EB18E2 /* PunkBeerVIPER.app */,
			);
			name = Products;
			sourceTree = "<group>";
		};
		AC0F5B3E25FE1DE800EB18E2 /* PunkBeerVIPER */ = {
			isa = PBXGroup;
			children = (
				AC0F5B8D25FE246900EB18E2 /* Providers */,
				AC0F5B8425FE22B100EB18E2 /* Extensions */,
				AC0F5B8025FE224200EB18E2 /* Models */,
				AC0F5B5525FE1FE100EB18E2 /* Modules */,
				AC0F5B3F25FE1DE800EB18E2 /* AppDelegate.swift */,
				AC0F5B4125FE1DE800EB18E2 /* SceneDelegate.swift */,
				AC0F5B4325FE1DE800EB18E2 /* ViewController.swift */,
				AC0F5B4825FE1DE900EB18E2 /* Assets.xcassets */,
				AC0F5B4A25FE1DE900EB18E2 /* LaunchScreen.storyboard */,
				AC0F5B4D25FE1DE900EB18E2 /* Info.plist */,
			);
			path = PunkBeerVIPER;
			sourceTree = "<group>";
		};
		AC0F5B5525FE1FE100EB18E2 /* Modules */ = {
			isa = PBXGroup;
			children = (
				AC0F5B9625FE278100EB18E2 /* BeerList */,
				AC0F5B6B25FE208900EB18E2 /* BASE */,
			);
			path = Modules;
			sourceTree = "<group>";
		};
		AC0F5B6B25FE208900EB18E2 /* BASE */ = {
			isa = PBXGroup;
			children = (
				AC0F5B6C25FE20C300EB18E2 /* BaseViewController.swift */,
				AC0F5B6F25FE20D300EB18E2 /* BaseInteractor.swift */,
				AC0F5B7225FE20E600EB18E2 /* BasePresenter.swift */,
				AC0F5B7525FE20EF00EB18E2 /* BaseEntity.swift */,
				AC0F5B7825FE211400EB18E2 /* BaseWireframe.swift */,
			);
			path = BASE;
			sourceTree = "<group>";
		};
		AC0F5B8025FE224200EB18E2 /* Models */ = {
			isa = PBXGroup;
			children = (
				AC0F5B8125FE225700EB18E2 /* Beer.swift */,
			);
			path = Models;
			sourceTree = "<group>";
		};
		AC0F5B8425FE22B100EB18E2 /* Extensions */ = {
			isa = PBXGroup;
			children = (
				AC0F5B8525FE22D300EB18E2 /* DateFormatterExtension.swift */,
			);
			path = Extensions;
			sourceTree = "<group>";
		};
		AC0F5B8D25FE246900EB18E2 /* Providers */ = {
			isa = PBXGroup;
			children = (
				AC0F5B8E25FE247200EB18E2 /* Network */,
			);
			path = Providers;
			sourceTree = "<group>";
		};
		AC0F5B8E25FE247200EB18E2 /* Network */ = {
			isa = PBXGroup;
			children = (
				AC0F5B8F25FE24C800EB18E2 /* BeerNetworkProvider.swift */,
				AC0F5B9325FE25B100EB18E2 /* NetworkConstants.swift */,
			);
			path = Network;
			sourceTree = "<group>";
		};
		AC0F5B9625FE278100EB18E2 /* BeerList */ = {
			isa = PBXGroup;
			children = (
				AC0F5BA825FE28FA00EB18E2 /* UI */,
				AC0F5B9725FE27AA00EB18E2 /* BeerListContract.swift */,
				AC0F5B9825FE27AA00EB18E2 /* BeerListPresenter.swift */,
				AC0F5B9925FE27AA00EB18E2 /* BeerListBuilder.swift */,
				AC0F5B9A25FE27AA00EB18E2 /* BeerListInteractor.swift */,
				AC0F5B9B25FE27AA00EB18E2 /* BeerListView.swift */,
				AC0F5B9D25FE27AA00EB18E2 /* BeerListEntity.swift */,
				AC0F5B9E25FE27AA00EB18E2 /* BeerListWireframe.swift */,
			);
			path = BeerList;
			sourceTree = "<group>";
		};
		AC0F5BA825FE28FA00EB18E2 /* UI */ = {
			isa = PBXGroup;
			children = (
				AC0F5BA925FE291500EB18E2 /* TableViewCell */,
				AC0F5B9C25FE27AA00EB18E2 /* BeerListView.xib */,
			);
			path = UI;
			sourceTree = "<group>";
		};
		AC0F5BA925FE291500EB18E2 /* TableViewCell */ = {
			isa = PBXGroup;
			children = (
				AC0F5BAA25FE294300EB18E2 /* BeerListTableViewCell.swift */,
				AC0F5BAB25FE294300EB18E2 /* BeerListTableViewCell.xib */,
			);
			path = TableViewCell;
			sourceTree = "<group>";
		};
/* End PBXGroup section */

/* Begin PBXNativeTarget section */
		AC0F5B3B25FE1DE800EB18E2 /* PunkBeerVIPER */ = {
			isa = PBXNativeTarget;
			buildConfigurationList = AC0F5B5025FE1DE900EB18E2 /* Build configuration list for PBXNativeTarget "PunkBeerVIPER" */;
			buildPhases = (
				3E11C6E225FB3BEE3D1112E6 /* [CP] Check Pods Manifest.lock */,
				AC0F5B3825FE1DE800EB18E2 /* Sources */,
				AC0F5B3925FE1DE800EB18E2 /* Frameworks */,
				AC0F5B3A25FE1DE800EB18E2 /* Resources */,
				071C07CB39D4739C0285F8EC /* [CP] Embed Pods Frameworks */,
				AC0F5BB125FE2AD900EB18E2 /* Run Swiftlint */,
			);
			buildRules = (
			);
			dependencies = (
			);
			name = PunkBeerVIPER;
			productName = PunkBeerVIPER;
			productReference = AC0F5B3C25FE1DE800EB18E2 /* PunkBeerVIPER.app */;
			productType = "com.apple.product-type.application";
		};
/* End PBXNativeTarget section */

/* Begin PBXProject section */
		AC0F5B3425FE1DE800EB18E2 /* Project object */ = {
			isa = PBXProject;
			attributes = {
				LastSwiftUpdateCheck = 1240;
				LastUpgradeCheck = 1240;
				TargetAttributes = {
					AC0F5B3B25FE1DE800EB18E2 = {
						CreatedOnToolsVersion = 12.4;
					};
				};
			};
			buildConfigurationList = AC0F5B3725FE1DE800EB18E2 /* Build configuration list for PBXProject "PunkBeerVIPER" */;
			compatibilityVersion = "Xcode 9.3";
			developmentRegion = en;
			hasScannedForEncodings = 0;
			knownRegions = (
				en,
				Base,
			);
			mainGroup = AC0F5B3325FE1DE800EB18E2;
			productRefGroup = AC0F5B3D25FE1DE800EB18E2 /* Products */;
			projectDirPath = "";
			projectRoot = "";
			targets = (
				AC0F5B3B25FE1DE800EB18E2 /* PunkBeerVIPER */,
			);
		};
/* End PBXProject section */

/* Begin PBXResourcesBuildPhase section */
		AC0F5B3A25FE1DE800EB18E2 /* Resources */ = {
			isa = PBXResourcesBuildPhase;
			buildActionMask = 2147483647;
			files = (
				AC0F5B4C25FE1DE900EB18E2 /* LaunchScreen.storyboard in Resources */,
				AC0F5BA425FE27AA00EB18E2 /* BeerListView.xib in Resources */,
				AC0F5B4925FE1DE900EB18E2 /* Assets.xcassets in Resources */,
				AC0F5BAD25FE294300EB18E2 /* BeerListTableViewCell.xib in Resources */,
			);
			runOnlyForDeploymentPostprocessing = 0;
		};
/* End PBXResourcesBuildPhase section */

/* Begin PBXShellScriptBuildPhase section */
		071C07CB39D4739C0285F8EC /* [CP] Embed Pods Frameworks */ = {
			isa = PBXShellScriptBuildPhase;
			buildActionMask = 2147483647;
			files = (
			);
			inputFileListPaths = (
				"${PODS_ROOT}/Target Support Files/Pods-PunkBeerVIPER/Pods-PunkBeerVIPER-frameworks-${CONFIGURATION}-input-files.xcfilelist",
			);
			name = "[CP] Embed Pods Frameworks";
			outputFileListPaths = (
				"${PODS_ROOT}/Target Support Files/Pods-PunkBeerVIPER/Pods-PunkBeerVIPER-frameworks-${CONFIGURATION}-output-files.xcfilelist",
			);
			runOnlyForDeploymentPostprocessing = 0;
			shellPath = /bin/sh;
			shellScript = "\"${PODS_ROOT}/Target Support Files/Pods-PunkBeerVIPER/Pods-PunkBeerVIPER-frameworks.sh\"\n";
			showEnvVarsInLog = 0;
		};
		3E11C6E225FB3BEE3D1112E6 /* [CP] Check Pods Manifest.lock */ = {
			isa = PBXShellScriptBuildPhase;
			buildActionMask = 2147483647;
			files = (
			);
			inputFileListPaths = (
			);
			inputPaths = (
				"${PODS_PODFILE_DIR_PATH}/Podfile.lock",
				"${PODS_ROOT}/Manifest.lock",
			);
			name = "[CP] Check Pods Manifest.lock";
			outputFileListPaths = (
			);
			outputPaths = (
				"$(DERIVED_FILE_DIR)/Pods-PunkBeerVIPER-checkManifestLockResult.txt",
			);
			runOnlyForDeploymentPostprocessing = 0;
			shellPath = /bin/sh;
			shellScript = "diff \"${PODS_PODFILE_DIR_PATH}/Podfile.lock\" \"${PODS_ROOT}/Manifest.lock\" > /dev/null\nif [ $? != 0 ] ; then\n    # print error to STDERR\n    echo \"error: The sandbox is not in sync with the Podfile.lock. Run 'pod install' or update your CocoaPods installation.\" >&2\n    exit 1\nfi\n# This output is used by Xcode 'outputs' to avoid re-running this script phase.\necho \"SUCCESS\" > \"${SCRIPT_OUTPUT_FILE_0}\"\n";
			showEnvVarsInLog = 0;
		};
		AC0F5BB125FE2AD900EB18E2 /* Run Swiftlint */ = {
			isa = PBXShellScriptBuildPhase;
			buildActionMask = 2147483647;
			files = (
			);
			inputFileListPaths = (
			);
			inputPaths = (
			);
			name = "Run Swiftlint";
			outputFileListPaths = (
			);
			outputPaths = (
			);
			runOnlyForDeploymentPostprocessing = 0;
			shellPath = /bin/sh;
			shellScript = "if which swiftlint >/dev/null; then\n  swiftlint\nelse\n  echo \"warning: SwiftLint not installed, download from https://github.com/realm/SwiftLint\"\nfi\n";
		};
/* End PBXShellScriptBuildPhase section */

/* Begin PBXSourcesBuildPhase section */
		AC0F5B3825FE1DE800EB18E2 /* Sources */ = {
			isa = PBXSourcesBuildPhase;
			buildActionMask = 2147483647;
			files = (
				AC0F5B9425FE25B100EB18E2 /* NetworkConstants.swift in Sources */,
				AC0F5B4425FE1DE800EB18E2 /* ViewController.swift in Sources */,
				AC0F5B9025FE24C800EB18E2 /* BeerNetworkProvider.swift in Sources */,
				AC0F5B9F25FE27AA00EB18E2 /* BeerListContract.swift in Sources */,
				AC0F5B8225FE225700EB18E2 /* Beer.swift in Sources */,
				AC0F5BA325FE27AA00EB18E2 /* BeerListView.swift in Sources */,
				AC0F5BA125FE27AA00EB18E2 /* BeerListBuilder.swift in Sources */,
				AC0F5B7625FE20EF00EB18E2 /* BaseEntity.swift in Sources */,
				AC0F5B6D25FE20C300EB18E2 /* BaseViewController.swift in Sources */,
				AC0F5BA225FE27AA00EB18E2 /* BeerListInteractor.swift in Sources */,
				AC0F5B7925FE211400EB18E2 /* BaseWireframe.swift in Sources */,
				AC0F5BAC25FE294300EB18E2 /* BeerListTableViewCell.swift in Sources */,
				AC0F5BA625FE27AA00EB18E2 /* BeerListWireframe.swift in Sources */,
				AC0F5BA025FE27AA00EB18E2 /* BeerListPresenter.swift in Sources */,
				AC0F5B7025FE20D300EB18E2 /* BaseInteractor.swift in Sources */,
				AC0F5B4025FE1DE800EB18E2 /* AppDelegate.swift in Sources */,
				AC0F5BA525FE27AA00EB18E2 /* BeerListEntity.swift in Sources */,
				AC0F5B4225FE1DE800EB18E2 /* SceneDelegate.swift in Sources */,
				AC0F5B7325FE20E600EB18E2 /* BasePresenter.swift in Sources */,
				AC0F5B8625FE22D300EB18E2 /* DateFormatterExtension.swift in Sources */,
			);
			runOnlyForDeploymentPostprocessing = 0;
		};
/* End PBXSourcesBuildPhase section */

/* Begin PBXVariantGroup section */
		AC0F5B4A25FE1DE900EB18E2 /* LaunchScreen.storyboard */ = {
			isa = PBXVariantGroup;
			children = (
				AC0F5B4B25FE1DE900EB18E2 /* Base */,
			);
			name = LaunchScreen.storyboard;
			sourceTree = "<group>";
		};
/* End PBXVariantGroup section */

/* Begin XCBuildConfiguration section */
		AC0F5B4E25FE1DE900EB18E2 /* Debug */ = {
			isa = XCBuildConfiguration;
			buildSettings = {
				ALWAYS_SEARCH_USER_PATHS = NO;
				CLANG_ANALYZER_NONNULL = YES;
				CLANG_ANALYZER_NUMBER_OBJECT_CONVERSION = YES_AGGRESSIVE;
				CLANG_CXX_LANGUAGE_STANDARD = "gnu++14";
				CLANG_CXX_LIBRARY = "libc++";
				CLANG_ENABLE_MODULES = YES;
				CLANG_ENABLE_OBJC_ARC = YES;
				CLANG_ENABLE_OBJC_WEAK = YES;
				CLANG_WARN_BLOCK_CAPTURE_AUTORELEASING = YES;
				CLANG_WARN_BOOL_CONVERSION = YES;
				CLANG_WARN_COMMA = YES;
				CLANG_WARN_CONSTANT_CONVERSION = YES;
				CLANG_WARN_DEPRECATED_OBJC_IMPLEMENTATIONS = YES;
				CLANG_WARN_DIRECT_OBJC_ISA_USAGE = YES_ERROR;
				CLANG_WARN_DOCUMENTATION_COMMENTS = YES;
				CLANG_WARN_EMPTY_BODY = YES;
				CLANG_WARN_ENUM_CONVERSION = YES;
				CLANG_WARN_INFINITE_RECURSION = YES;
				CLANG_WARN_INT_CONVERSION = YES;
				CLANG_WARN_NON_LITERAL_NULL_CONVERSION = YES;
				CLANG_WARN_OBJC_IMPLICIT_RETAIN_SELF = YES;
				CLANG_WARN_OBJC_LITERAL_CONVERSION = YES;
				CLANG_WARN_OBJC_ROOT_CLASS = YES_ERROR;
				CLANG_WARN_QUOTED_INCLUDE_IN_FRAMEWORK_HEADER = YES;
				CLANG_WARN_RANGE_LOOP_ANALYSIS = YES;
				CLANG_WARN_STRICT_PROTOTYPES = YES;
				CLANG_WARN_SUSPICIOUS_MOVE = YES;
				CLANG_WARN_UNGUARDED_AVAILABILITY = YES_AGGRESSIVE;
				CLANG_WARN_UNREACHABLE_CODE = YES;
				CLANG_WARN__DUPLICATE_METHOD_MATCH = YES;
				COPY_PHASE_STRIP = NO;
				DEBUG_INFORMATION_FORMAT = dwarf;
				ENABLE_STRICT_OBJC_MSGSEND = YES;
				ENABLE_TESTABILITY = YES;
				GCC_C_LANGUAGE_STANDARD = gnu11;
				GCC_DYNAMIC_NO_PIC = NO;
				GCC_NO_COMMON_BLOCKS = YES;
				GCC_OPTIMIZATION_LEVEL = 0;
				GCC_PREPROCESSOR_DEFINITIONS = (
					"DEBUG=1",
					"$(inherited)",
				);
				GCC_WARN_64_TO_32_BIT_CONVERSION = YES;
				GCC_WARN_ABOUT_RETURN_TYPE = YES_ERROR;
				GCC_WARN_UNDECLARED_SELECTOR = YES;
				GCC_WARN_UNINITIALIZED_AUTOS = YES_AGGRESSIVE;
				GCC_WARN_UNUSED_FUNCTION = YES;
				GCC_WARN_UNUSED_VARIABLE = YES;
				IPHONEOS_DEPLOYMENT_TARGET = 14.4;
				MTL_ENABLE_DEBUG_INFO = INCLUDE_SOURCE;
				MTL_FAST_MATH = YES;
				ONLY_ACTIVE_ARCH = YES;
				SDKROOT = iphoneos;
				SWIFT_ACTIVE_COMPILATION_CONDITIONS = DEBUG;
				SWIFT_OPTIMIZATION_LEVEL = "-Onone";
			};
			name = Debug;
		};
		AC0F5B4F25FE1DE900EB18E2 /* Release */ = {
			isa = XCBuildConfiguration;
			buildSettings = {
				ALWAYS_SEARCH_USER_PATHS = NO;
				CLANG_ANALYZER_NONNULL = YES;
				CLANG_ANALYZER_NUMBER_OBJECT_CONVERSION = YES_AGGRESSIVE;
				CLANG_CXX_LANGUAGE_STANDARD = "gnu++14";
				CLANG_CXX_LIBRARY = "libc++";
				CLANG_ENABLE_MODULES = YES;
				CLANG_ENABLE_OBJC_ARC = YES;
				CLANG_ENABLE_OBJC_WEAK = YES;
				CLANG_WARN_BLOCK_CAPTURE_AUTORELEASING = YES;
				CLANG_WARN_BOOL_CONVERSION = YES;
				CLANG_WARN_COMMA = YES;
				CLANG_WARN_CONSTANT_CONVERSION = YES;
				CLANG_WARN_DEPRECATED_OBJC_IMPLEMENTATIONS = YES;
				CLANG_WARN_DIRECT_OBJC_ISA_USAGE = YES_ERROR;
				CLANG_WARN_DOCUMENTATION_COMMENTS = YES;
				CLANG_WARN_EMPTY_BODY = YES;
				CLANG_WARN_ENUM_CONVERSION = YES;
				CLANG_WARN_INFINITE_RECURSION = YES;
				CLANG_WARN_INT_CONVERSION = YES;
				CLANG_WARN_NON_LITERAL_NULL_CONVERSION = YES;
				CLANG_WARN_OBJC_IMPLICIT_RETAIN_SELF = YES;
				CLANG_WARN_OBJC_LITERAL_CONVERSION = YES;
				CLANG_WARN_OBJC_ROOT_CLASS = YES_ERROR;
				CLANG_WARN_QUOTED_INCLUDE_IN_FRAMEWORK_HEADER = YES;
				CLANG_WARN_RANGE_LOOP_ANALYSIS = YES;
				CLANG_WARN_STRICT_PROTOTYPES = YES;
				CLANG_WARN_SUSPICIOUS_MOVE = YES;
				CLANG_WARN_UNGUARDED_AVAILABILITY = YES_AGGRESSIVE;
				CLANG_WARN_UNREACHABLE_CODE = YES;
				CLANG_WARN__DUPLICATE_METHOD_MATCH = YES;
				COPY_PHASE_STRIP = NO;
				DEBUG_INFORMATION_FORMAT = "dwarf-with-dsym";
				ENABLE_NS_ASSERTIONS = NO;
				ENABLE_STRICT_OBJC_MSGSEND = YES;
				GCC_C_LANGUAGE_STANDARD = gnu11;
				GCC_NO_COMMON_BLOCKS = YES;
				GCC_WARN_64_TO_32_BIT_CONVERSION = YES;
				GCC_WARN_ABOUT_RETURN_TYPE = YES_ERROR;
				GCC_WARN_UNDECLARED_SELECTOR = YES;
				GCC_WARN_UNINITIALIZED_AUTOS = YES_AGGRESSIVE;
				GCC_WARN_UNUSED_FUNCTION = YES;
				GCC_WARN_UNUSED_VARIABLE = YES;
				IPHONEOS_DEPLOYMENT_TARGET = 14.4;
				MTL_ENABLE_DEBUG_INFO = NO;
				MTL_FAST_MATH = YES;
				SDKROOT = iphoneos;
				SWIFT_COMPILATION_MODE = wholemodule;
				SWIFT_OPTIMIZATION_LEVEL = "-O";
				VALIDATE_PRODUCT = YES;
			};
			name = Release;
		};
		AC0F5B5125FE1DE900EB18E2 /* Debug */ = {
			isa = XCBuildConfiguration;
			baseConfigurationReference = 16113AF5E35CDB284B45FEF3 /* Pods-PunkBeerVIPER.debug.xcconfig */;
			buildSettings = {
				ASSETCATALOG_COMPILER_APPICON_NAME = AppIcon;
				ASSETCATALOG_COMPILER_GLOBAL_ACCENT_COLOR_NAME = AccentColor;
				CODE_SIGN_STYLE = Automatic;
				DEVELOPMENT_TEAM = 5GJ4N5ZR45;
				INFOPLIST_FILE = PunkBeerVIPER/Info.plist;
				LD_RUNPATH_SEARCH_PATHS = (
					"$(inherited)",
					"@executable_path/Frameworks",
				);
				PRODUCT_BUNDLE_IDENTIFIER = com.jongonzalez.PunkBeerVIPER;
				PRODUCT_NAME = "$(TARGET_NAME)";
				SWIFT_VERSION = 5.0;
				TARGETED_DEVICE_FAMILY = 1;
			};
			name = Debug;
		};
		AC0F5B5225FE1DE900EB18E2 /* Release */ = {
			isa = XCBuildConfiguration;
			baseConfigurationReference = 9C01A0B468CFAE57176E6CB4 /* Pods-PunkBeerVIPER.release.xcconfig */;
			buildSettings = {
				ASSETCATALOG_COMPILER_APPICON_NAME = AppIcon;
				ASSETCATALOG_COMPILER_GLOBAL_ACCENT_COLOR_NAME = AccentColor;
				CODE_SIGN_STYLE = Automatic;
				DEVELOPMENT_TEAM = 5GJ4N5ZR45;
				INFOPLIST_FILE = PunkBeerVIPER/Info.plist;
				LD_RUNPATH_SEARCH_PATHS = (
					"$(inherited)",
					"@executable_path/Frameworks",
				);
				PRODUCT_BUNDLE_IDENTIFIER = com.jongonzalez.PunkBeerVIPER;
				PRODUCT_NAME = "$(TARGET_NAME)";
				SWIFT_VERSION = 5.0;
				TARGETED_DEVICE_FAMILY = 1;
			};
			name = Release;
		};
/* End XCBuildConfiguration section */

/* Begin XCConfigurationList section */
		AC0F5B3725FE1DE800EB18E2 /* Build configuration list for PBXProject "PunkBeerVIPER" */ = {
			isa = XCConfigurationList;
			buildConfigurations = (
				AC0F5B4E25FE1DE900EB18E2 /* Debug */,
				AC0F5B4F25FE1DE900EB18E2 /* Release */,
			);
			defaultConfigurationIsVisible = 0;
			defaultConfigurationName = Release;
		};
		AC0F5B5025FE1DE900EB18E2 /* Build configuration list for PBXNativeTarget "PunkBeerVIPER" */ = {
			isa = XCConfigurationList;
			buildConfigurations = (
				AC0F5B5125FE1DE900EB18E2 /* Debug */,
				AC0F5B5225FE1DE900EB18E2 /* Release */,
			);
			defaultConfigurationIsVisible = 0;
			defaultConfigurationName = Release;
		};
/* End XCConfigurationList section */
	};
	rootObject = AC0F5B3425FE1DE800EB18E2 /* Project object */;
}
